{
  "name": "asp.net",
  "version": "1.0.0",
  "lockfileVersion": 1,
  "requires": true,
  "dependencies": {
    "bootstrap": {
      "version": "4.0.0-alpha.6",
      "resolved": "https://registry.npmjs.org/bootstrap/-/bootstrap-4.0.0-alpha.6.tgz",
      "integrity": "sha1-T1TdM6wN6sOyhAe8LffsYIhpycg=",
      "dev": true,
      "requires": {
        "jquery": ">=1.9.1",
        "tether": "^1.4.0"
      }
    },
    "ckeditor": {
      "version": "4.11.3",
      "resolved": "https://registry.npmjs.org/ckeditor/-/ckeditor-4.11.3.tgz",
      "integrity": "sha512-v6G+v16WAcukKuQH6m+trA9RCOQntFM2nxPO/GFiLYsdD/5IbZAZ2n7GwMxQmxDXpx4AixpnMWF+yAE1t9wq6Q==",
      "dev": true
    },
    "font-awesome": {
      "version": "4.7.0",
      "resolved": "https://registry.npmjs.org/font-awesome/-/font-awesome-4.7.0.tgz",
      "integrity": "sha1-j6jPBBGhoxr9B7BtKQK7n8gVoTM=",
      "dev": true
    },
    "jquery": {
      "version": "3.3.1",
      "resolved": "https://registry.npmjs.org/jquery/-/jquery-3.3.1.tgz",
      "integrity": "sha512-Ubldcmxp5np52/ENotGxlLe6aGMvmF4R8S6tZjsP6Knsaxd/xp3Zrh50cG93lR6nPXyUFwzN3ZSOQI0wRJNdGg==",
      "dev": true
    },
    "tether": {
      "version": "1.4.5",
      "resolved": "https://registry.npmjs.org/tether/-/tether-1.4.5.tgz",
      "integrity": "sha512-fysT1Gug2wbRi7a6waeu39yVDwiNtvwj5m9eRD+qZDSHKNghLo6KqP/U3yM2ap6TNUL2skjXGJaJJTJqoC31vw==",
      "dev": true
    }
  }
}
